# This file is automatically @generated by Cargo.
# It is not intended for manual editing.
[[package]]
name = "algebra"
version = "0.1.0"

[[package]]
name = "algebra_struct"
version = "0.1.0"
dependencies = [
 "algebra",
]

[[package]]
name = "bit_vector"
version = "0.1.0"

[[package]]
name = "combination"
version = "0.1.0"
dependencies = [
 "static_modint",
]

[[package]]
name = "fenwick_tree"
version = "0.1.0"

[[package]]
name = "fft"
version = "0.1.0"

[[package]]
name = "fps"
version = "0.1.0"
dependencies = [
 "algebra",
]

[[package]]
name = "geometry"
version = "0.1.0"

[[package]]
name = "lazy_segment_tree"
version = "0.1.0"

[[package]]
name = "mo"
version = "0.1.0"

[[package]]
name = "ntt"
version = "0.1.0"
dependencies = [
 "algebra",
 "static_modint",
]

[[package]]
name = "partly_persistent_unionfind"
version = "0.1.0"

[[package]]
name = "potential_unionfind"
version = "0.1.0"
dependencies = [
 "algebra",
]

[[package]]
name = "run_length_encoding"
version = "0.1.0"

[[package]]
name = "scanner"
version = "0.1.0"

[[package]]
name = "segment_tree"
version = "0.1.0"
dependencies = [
 "algebra",
 "algebra_struct",
]

[[package]]
name = "static_modint"
version = "0.1.0"
dependencies = [
 "algebra",
]

[[package]]
name = "unionfind"
version = "0.1.0"
